
Microsoft Visual Studio Solution File, Format Version 12.00
# Visual Studio Version 16
VisualStudioVersion = 16.0.29409.12
MinimumVisualStudioVersion = 10.0.40219.1
Project("{FAE04EC0-301F-11D3-BF4B-00C04F79EFBC}") = "Demo", "Demo\Demo.csproj", "{5A90D708-2BA9-4129-8ACF-55261754A791}"
EndProject
Project("{FAE04EC0-301F-11D3-BF4B-00C04F79EFBC}") = "ASP.NET", "ASP.NET\ASP.NET.csproj", "{4BA3BDE4-8518-45F8-937C-193B03DFAD9D}"
EndProject
Global
	GlobalSection(SolutionConfigurationPlatforms) = preSolution
		Debug|Any CPU = Debug|Any CPU
		Release|Any CPU = Release|Any CPU
	EndGlobalSection
	GlobalSection(ProjectConfigurationPlatforms) = postSolution
		{5A90D708-2BA9-4129-8ACF-55261754A791}.Debug|Any CPU.ActiveCfg = Debug|Any CPU
		{5A90D708-2BA9-4129-8ACF-55261754A791}.Debug|Any CPU.Build.0 = Debug|Any CPU
		{5A90D708-2BA9-4129-8ACF-55261754A791}.Release|Any CPU.ActiveCfg = Release|Any CPU
		{5A90D708-2BA9-4129-8ACF-55261754A791}.Release|Any CPU.Build.0 = Release|Any CPU
		{4BA3BDE4-8518-45F8-937C-193B03DFAD9D}.Debug|Any CPU.ActiveCfg = Debug|Any CPU
		{4BA3BDE4-8518-45F8-937C-193B03DFAD9D}.Debug|Any CPU.Build.0 = Debug|Any CPU
		{4BA3BDE4-8518-45F8-937C-193B03DFAD9D}.Release|Any CPU.ActiveCfg = Release|Any CPU
		{4BA3BDE4-8518-45F8-937C-193B03DFAD9D}.Release|Any CPU.Build.0 = Release|Any CPU
	EndGlobalSection
	GlobalSection(SolutionProperties) = preSolution
		HideSolutionNode = FALSE
	EndGlobalSection
	GlobalSection(ExtensibilityGlobals) = postSolution
		SolutionGuid = {7AD05436-782C-4D23-94D9-F60CD616DC6D}
	EndGlobalSection
EndGlobal
