
Microsoft Visual Studio Solution File, Format Version 12.00
# Visual Studio Version 16
VisualStudioVersion = 16.0.29409.12
MinimumVisualStudioVersion = 10.0.40219.1
Project("{FAE04EC0-301F-11D3-BF4B-00C04F79EFBC}") = "ASP.NET", "ASP.NET\ASP.NET.csproj", "{4BA3BDE4-8518-45F8-937C-193B03DFAD9D}"
EndProject
Project("{FAE04EC0-301F-11D3-BF4B-00C04F79EFBC}") = "WebApp", "WebApp\WebApp.csproj", "{CDED8E9B-8787-46D4-806F-32DFDE5D9200}"
EndProject
Project("{FAE04EC0-301F-11D3-BF4B-00C04F79EFBC}") = "Validate", "Validate\Validate.csproj", "{16E1DFCA-B7B3-4558-9219-23DF9352705D}"
EndProject
Global
	GlobalSection(SolutionConfigurationPlatforms) = preSolution
		Debug|Any CPU = Debug|Any CPU
		Release|Any CPU = Release|Any CPU
	EndGlobalSection
	GlobalSection(ProjectConfigurationPlatforms) = postSolution
		{4BA3BDE4-8518-45F8-937C-193B03DFAD9D}.Debug|Any CPU.ActiveCfg = Debug|Any CPU
		{4BA3BDE4-8518-45F8-937C-193B03DFAD9D}.Debug|Any CPU.Build.0 = Debug|Any CPU
		{4BA3BDE4-8518-45F8-937C-193B03DFAD9D}.Release|Any CPU.ActiveCfg = Release|Any CPU
		{4BA3BDE4-8518-45F8-937C-193B03DFAD9D}.Release|Any CPU.Build.0 = Release|Any CPU
		{CDED8E9B-8787-46D4-806F-32DFDE5D9200}.Debug|Any CPU.ActiveCfg = Debug|Any CPU
		{CDED8E9B-8787-46D4-806F-32DFDE5D9200}.Debug|Any CPU.Build.0 = Debug|Any CPU
		{CDED8E9B-8787-46D4-806F-32DFDE5D9200}.Release|Any CPU.ActiveCfg = Release|Any CPU
		{CDED8E9B-8787-46D4-806F-32DFDE5D9200}.Release|Any CPU.Build.0 = Release|Any CPU
		{16E1DFCA-B7B3-4558-9219-23DF9352705D}.Debug|Any CPU.ActiveCfg = Debug|Any CPU
		{16E1DFCA-B7B3-4558-9219-23DF9352705D}.Debug|Any CPU.Build.0 = Debug|Any CPU
		{16E1DFCA-B7B3-4558-9219-23DF9352705D}.Release|Any CPU.ActiveCfg = Release|Any CPU
		{16E1DFCA-B7B3-4558-9219-23DF9352705D}.Release|Any CPU.Build.0 = Release|Any CPU
	EndGlobalSection
	GlobalSection(SolutionProperties) = preSolution
		HideSolutionNode = FALSE
	EndGlobalSection
	GlobalSection(ExtensibilityGlobals) = postSolution
		SolutionGuid = {7AD05436-782C-4D23-94D9-F60CD616DC6D}
	EndGlobalSection
EndGlobal
